
Microsoft Visual Studio Solution File, Format Version 12.00
# Visual Studio 2013
VisualStudioVersion = 12.0.31101.0
MinimumVisualStudioVersion = 10.0.40219.1
Project("{FAE04EC0-301F-11D3-BF4B-00C04F79EFBC}") = "GetIt.Core", "GetIt.Core\GetIt.Core.csproj", "{34A6E57C-664E-498F-AF29-4B2BE690A09B}"
EndProject
Project("{FAE04EC0-301F-11D3-BF4B-00C04F79EFBC}") = "GetIt.Test", "GetIt.Test\GetIt.Test.csproj", "{E43AC819-03F9-40AF-B628-D7AFEA1DECD2}"
EndProject
Project("{2150E333-8FDC-42A3-9474-1A3956D46DE8}") = "ProjectManagement", "ProjectManagement", "{38E7F402-EFD1-4F24-AF58-2FBDE4183652}"
	ProjectSection(SolutionItems) = preProject
		UserStory.md = UserStory.md
	EndProjectSection
EndProject
Global
	GlobalSection(SolutionConfigurationPlatforms) = preSolution
		Debug|Any CPU = Debug|Any CPU
		Release|Any CPU = Release|Any CPU
	EndGlobalSection
	GlobalSection(ProjectConfigurationPlatforms) = postSolution
		{34A6E57C-664E-498F-AF29-4B2BE690A09B}.Debug|Any CPU.ActiveCfg = Debug|Any CPU
		{34A6E57C-664E-498F-AF29-4B2BE690A09B}.Debug|Any CPU.Build.0 = Debug|Any CPU
		{34A6E57C-664E-498F-AF29-4B2BE690A09B}.Release|Any CPU.ActiveCfg = Release|Any CPU
		{34A6E57C-664E-498F-AF29-4B2BE690A09B}.Release|Any CPU.Build.0 = Release|Any CPU
		{E43AC819-03F9-40AF-B628-D7AFEA1DECD2}.Debug|Any CPU.ActiveCfg = Debug|Any CPU
		{E43AC819-03F9-40AF-B628-D7AFEA1DECD2}.Debug|Any CPU.Build.0 = Debug|Any CPU
		{E43AC819-03F9-40AF-B628-D7AFEA1DECD2}.Release|Any CPU.ActiveCfg = Release|Any CPU
		{E43AC819-03F9-40AF-B628-D7AFEA1DECD2}.Release|Any CPU.Build.0 = Release|Any CPU
	EndGlobalSection
	GlobalSection(SolutionProperties) = preSolution
		HideSolutionNode = FALSE
	EndGlobalSection
EndGlobal
